// !$*UTF8*$!
{
	archiveVersion = 1;
	classes = {
	};
	objectVersion = 50;
	objects = {

/* Begin PBXBuildFile section */
		6353D28B24158DE6001F313A /* AddServerSuccessInfo.swift in Sources */ = {isa = PBXBuildFile; fileRef = 6353D28A24158DE6001F313A /* AddServerSuccessInfo.swift */; };
		6353D28E24158E0F001F313A /* AddServerSuccessViewController.swift in Sources */ = {isa = PBXBuildFile; fileRef = 6353D28C24158E0F001F313A /* AddServerSuccessViewController.swift */; };
		6353D28F24158E0F001F313A /* AddServerSuccessViewController.xib in Resources */ = {isa = PBXBuildFile; fileRef = 6353D28D24158E0F001F313A /* AddServerSuccessViewController.xib */; };
		6353D29124158FB3001F313A /* AddServerSuccessViewControllerTests.swift in Sources */ = {isa = PBXBuildFile; fileRef = 6353D29024158FB3001F313A /* AddServerSuccessViewControllerTests.swift */; };
		6353D29B241591F8001F313A /* FlowAddServerTests.swift in Sources */ = {isa = PBXBuildFile; fileRef = 6353D29A241591F8001F313A /* FlowAddServerTests.swift */; };
		6353D29E24159265001F313A /* FlowAddServer.swift in Sources */ = {isa = PBXBuildFile; fileRef = 6353D29D24159265001F313A /* FlowAddServer.swift */; };
		6353D2A124163AE3001F313A /* UINavigationController+extension.swift in Sources */ = {isa = PBXBuildFile; fileRef = 6353D2A024163AE3001F313A /* UINavigationController+extension.swift */; };
		639FE01E241325D70018E6F7 /* AppDelegate.swift in Sources */ = {isa = PBXBuildFile; fileRef = 639FE01D241325D70018E6F7 /* AppDelegate.swift */; };
		639FE025241325D80018E6F7 /* Assets.xcassets in Resources */ = {isa = PBXBuildFile; fileRef = 639FE024241325D80018E6F7 /* Assets.xcassets */; };
		639FE028241325D80018E6F7 /* LaunchScreen.storyboard in Resources */ = {isa = PBXBuildFile; fileRef = 639FE026241325D80018E6F7 /* LaunchScreen.storyboard */; };
		639FE04C241328780018E6F7 /* ModuleFactory.swift in Sources */ = {isa = PBXBuildFile; fileRef = 639FE04B241328780018E6F7 /* ModuleFactory.swift */; };
		639FE04F241329C90018E6F7 /* AddServerViewController.swift in Sources */ = {isa = PBXBuildFile; fileRef = 639FE04D241329C90018E6F7 /* AddServerViewController.swift */; };
		639FE050241329C90018E6F7 /* AddServerViewController.xib in Resources */ = {isa = PBXBuildFile; fileRef = 639FE04E241329C90018E6F7 /* AddServerViewController.xib */; };
		639FE05224132A160018E6F7 /* AddServerPresenter.swift in Sources */ = {isa = PBXBuildFile; fileRef = 639FE05124132A160018E6F7 /* AddServerPresenter.swift */; };
		639FE05324132B3E0018E6F7 /* VaionAddServerUITests.swift in Sources */ = {isa = PBXBuildFile; fileRef = 639FE03D241325D80018E6F7 /* VaionAddServerUITests.swift */; };
		639FE05524132D1F0018E6F7 /* ModuleFactoryTests.swift in Sources */ = {isa = PBXBuildFile; fileRef = 639FE05424132D1F0018E6F7 /* ModuleFactoryTests.swift */; };
		639FE05924132E110018E6F7 /* AddServerPresenterTests.swift in Sources */ = {isa = PBXBuildFile; fileRef = 639FE05824132E110018E6F7 /* AddServerPresenterTests.swift */; };
		639FE05B2413970B0018E6F7 /* AddServerUsecase.swift in Sources */ = {isa = PBXBuildFile; fileRef = 639FE05A2413970B0018E6F7 /* AddServerUsecase.swift */; };
		639FE05F2413FC6D0018E6F7 /* AddServerViewControllerTests.swift in Sources */ = {isa = PBXBuildFile; fileRef = 639FE05E2413FC6D0018E6F7 /* AddServerViewControllerTests.swift */; };
		639FE0632414E2920018E6F7 /* AddServerUsecaseTests.swift in Sources */ = {isa = PBXBuildFile; fileRef = 639FE0622414E2920018E6F7 /* AddServerUsecaseTests.swift */; };
		639FE0652414E2EA0018E6F7 /* Networking.swift in Sources */ = {isa = PBXBuildFile; fileRef = 639FE0642414E2EA0018E6F7 /* Networking.swift */; };
		639FE06B2414FF060018E6F7 /* LoginPresenter.swift in Sources */ = {isa = PBXBuildFile; fileRef = 639FE06A2414FF060018E6F7 /* LoginPresenter.swift */; };
		639FE0712415050F0018E6F7 /* LoginViewController.swift in Sources */ = {isa = PBXBuildFile; fileRef = 639FE06F2415050F0018E6F7 /* LoginViewController.swift */; };
		639FE0722415050F0018E6F7 /* LoginViewController.xib in Resources */ = {isa = PBXBuildFile; fileRef = 639FE0702415050F0018E6F7 /* LoginViewController.xib */; };
		639FE074241508180018E6F7 /* LoginPresenterTests.swift in Sources */ = {isa = PBXBuildFile; fileRef = 639FE073241508180018E6F7 /* LoginPresenterTests.swift */; };
		639FE079241509A60018E6F7 /* AddServerUsecaseMock.swift in Sources */ = {isa = PBXBuildFile; fileRef = 639FE078241509A60018E6F7 /* AddServerUsecaseMock.swift */; };
		639FE07B24150AF10018E6F7 /* LoginViewModel.swift in Sources */ = {isa = PBXBuildFile; fileRef = 639FE07A24150AF10018E6F7 /* LoginViewModel.swift */; };
		639FE07F241557520018E6F7 /* LoginViewControllerTests.swift in Sources */ = {isa = PBXBuildFile; fileRef = 639FE07E241557520018E6F7 /* LoginViewControllerTests.swift */; };
/* End PBXBuildFile section */

/* Begin PBXContainerItemProxy section */
		639FE02F241325D80018E6F7 /* PBXContainerItemProxy */ = {
			isa = PBXContainerItemProxy;
			containerPortal = 639FE012241325D70018E6F7 /* Project object */;
			proxyType = 1;
			remoteGlobalIDString = 639FE019241325D70018E6F7;
			remoteInfo = VaionAddServer;
		};
		639FE03A241325D80018E6F7 /* PBXContainerItemProxy */ = {
			isa = PBXContainerItemProxy;
			containerPortal = 639FE012241325D70018E6F7 /* Project object */;
			proxyType = 1;
			remoteGlobalIDString = 639FE019241325D70018E6F7;
			remoteInfo = VaionAddServer;
		};
/* End PBXContainerItemProxy section */

/* Begin PBXFileReference section */
		6353D28A24158DE6001F313A /* AddServerSuccessInfo.swift */ = {isa = PBXFileReference; lastKnownFileType = sourcecode.swift; path = AddServerSuccessInfo.swift; sourceTree = "<group>"; };
		6353D28C24158E0F001F313A /* AddServerSuccessViewController.swift */ = {isa = PBXFileReference; lastKnownFileType = sourcecode.swift; path = AddServerSuccessViewController.swift; sourceTree = "<group>"; };
		6353D28D24158E0F001F313A /* AddServerSuccessViewController.xib */ = {isa = PBXFileReference; lastKnownFileType = file.xib; path = AddServerSuccessViewController.xib; sourceTree = "<group>"; };
		6353D29024158FB3001F313A /* AddServerSuccessViewControllerTests.swift */ = {isa = PBXFileReference; fileEncoding = 4; lastKnownFileType = sourcecode.swift; path = AddServerSuccessViewControllerTests.swift; sourceTree = "<group>"; };
		6353D29A241591F8001F313A /* FlowAddServerTests.swift */ = {isa = PBXFileReference; lastKnownFileType = sourcecode.swift; path = FlowAddServerTests.swift; sourceTree = "<group>"; };
		6353D29D24159265001F313A /* FlowAddServer.swift */ = {isa = PBXFileReference; lastKnownFileType = sourcecode.swift; path = FlowAddServer.swift; sourceTree = "<group>"; };
		6353D2A024163AE3001F313A /* UINavigationController+extension.swift */ = {isa = PBXFileReference; lastKnownFileType = sourcecode.swift; path = "UINavigationController+extension.swift"; sourceTree = "<group>"; };
		639FE01A241325D70018E6F7 /* VaionAddServer.app */ = {isa = PBXFileReference; explicitFileType = wrapper.application; includeInIndex = 0; path = VaionAddServer.app; sourceTree = BUILT_PRODUCTS_DIR; };
		639FE01D241325D70018E6F7 /* AppDelegate.swift */ = {isa = PBXFileReference; lastKnownFileType = sourcecode.swift; path = AppDelegate.swift; sourceTree = "<group>"; };
		639FE024241325D80018E6F7 /* Assets.xcassets */ = {isa = PBXFileReference; lastKnownFileType = folder.assetcatalog; path = Assets.xcassets; sourceTree = "<group>"; };
		639FE027241325D80018E6F7 /* Base */ = {isa = PBXFileReference; lastKnownFileType = file.storyboard; name = Base; path = Base.lproj/LaunchScreen.storyboard; sourceTree = "<group>"; };
		639FE029241325D80018E6F7 /* Info.plist */ = {isa = PBXFileReference; lastKnownFileType = text.plist.xml; path = Info.plist; sourceTree = "<group>"; };
		639FE02E241325D80018E6F7 /* VaionAddServerTests.xctest */ = {isa = PBXFileReference; explicitFileType = wrapper.cfbundle; includeInIndex = 0; path = VaionAddServerTests.xctest; sourceTree = BUILT_PRODUCTS_DIR; };
		639FE034241325D80018E6F7 /* Info.plist */ = {isa = PBXFileReference; lastKnownFileType = text.plist.xml; path = Info.plist; sourceTree = "<group>"; };
		639FE039241325D80018E6F7 /* VaionAddServerUITests.xctest */ = {isa = PBXFileReference; explicitFileType = wrapper.cfbundle; includeInIndex = 0; path = VaionAddServerUITests.xctest; sourceTree = BUILT_PRODUCTS_DIR; };
		639FE03D241325D80018E6F7 /* VaionAddServerUITests.swift */ = {isa = PBXFileReference; lastKnownFileType = sourcecode.swift; path = VaionAddServerUITests.swift; sourceTree = "<group>"; };
		639FE03F241325D80018E6F7 /* Info.plist */ = {isa = PBXFileReference; lastKnownFileType = text.plist.xml; path = Info.plist; sourceTree = "<group>"; };
		639FE04B241328780018E6F7 /* ModuleFactory.swift */ = {isa = PBXFileReference; lastKnownFileType = sourcecode.swift; path = ModuleFactory.swift; sourceTree = "<group>"; };
		639FE04D241329C90018E6F7 /* AddServerViewController.swift */ = {isa = PBXFileReference; lastKnownFileType = sourcecode.swift; path = AddServerViewController.swift; sourceTree = "<group>"; };
		639FE04E241329C90018E6F7 /* AddServerViewController.xib */ = {isa = PBXFileReference; lastKnownFileType = file.xib; path = AddServerViewController.xib; sourceTree = "<group>"; };
		639FE05124132A160018E6F7 /* AddServerPresenter.swift */ = {isa = PBXFileReference; lastKnownFileType = sourcecode.swift; path = AddServerPresenter.swift; sourceTree = "<group>"; };
		639FE05424132D1F0018E6F7 /* ModuleFactoryTests.swift */ = {isa = PBXFileReference; lastKnownFileType = sourcecode.swift; path = ModuleFactoryTests.swift; sourceTree = "<group>"; };
		639FE05824132E110018E6F7 /* AddServerPresenterTests.swift */ = {isa = PBXFileReference; lastKnownFileType = sourcecode.swift; path = AddServerPresenterTests.swift; sourceTree = "<group>"; };
		639FE05A2413970B0018E6F7 /* AddServerUsecase.swift */ = {isa = PBXFileReference; lastKnownFileType = sourcecode.swift; path = AddServerUsecase.swift; sourceTree = "<group>"; };
		639FE05E2413FC6D0018E6F7 /* AddServerViewControllerTests.swift */ = {isa = PBXFileReference; lastKnownFileType = sourcecode.swift; path = AddServerViewControllerTests.swift; sourceTree = "<group>"; };
		639FE0622414E2920018E6F7 /* AddServerUsecaseTests.swift */ = {isa = PBXFileReference; lastKnownFileType = sourcecode.swift; path = AddServerUsecaseTests.swift; sourceTree = "<group>"; };
		639FE0642414E2EA0018E6F7 /* Networking.swift */ = {isa = PBXFileReference; fileEncoding = 4; lastKnownFileType = sourcecode.swift; path = Networking.swift; sourceTree = "<group>"; };
		639FE06A2414FF060018E6F7 /* LoginPresenter.swift */ = {isa = PBXFileReference; lastKnownFileType = sourcecode.swift; path = LoginPresenter.swift; sourceTree = "<group>"; };
		639FE06F2415050F0018E6F7 /* LoginViewController.swift */ = {isa = PBXFileReference; lastKnownFileType = sourcecode.swift; path = LoginViewController.swift; sourceTree = "<group>"; };
		639FE0702415050F0018E6F7 /* LoginViewController.xib */ = {isa = PBXFileReference; lastKnownFileType = file.xib; path = LoginViewController.xib; sourceTree = "<group>"; };
		639FE073241508180018E6F7 /* LoginPresenterTests.swift */ = {isa = PBXFileReference; lastKnownFileType = sourcecode.swift; path = LoginPresenterTests.swift; sourceTree = "<group>"; };
		639FE078241509A60018E6F7 /* AddServerUsecaseMock.swift */ = {isa = PBXFileReference; lastKnownFileType = sourcecode.swift; path = AddServerUsecaseMock.swift; sourceTree = "<group>"; };
		639FE07A24150AF10018E6F7 /* LoginViewModel.swift */ = {isa = PBXFileReference; lastKnownFileType = sourcecode.swift; path = LoginViewModel.swift; sourceTree = "<group>"; };
		639FE07E241557520018E6F7 /* LoginViewControllerTests.swift */ = {isa = PBXFileReference; lastKnownFileType = sourcecode.swift; path = LoginViewControllerTests.swift; sourceTree = "<group>"; };
/* End PBXFileReference section */

/* Begin PBXFrameworksBuildPhase section */
		639FE017241325D70018E6F7 /* Frameworks */ = {
			isa = PBXFrameworksBuildPhase;
			buildActionMask = 2147483647;
			files = (
			);
			runOnlyForDeploymentPostprocessing = 0;
		};
		639FE02B241325D80018E6F7 /* Frameworks */ = {
			isa = PBXFrameworksBuildPhase;
			buildActionMask = 2147483647;
			files = (
			);
			runOnlyForDeploymentPostprocessing = 0;
		};
		639FE036241325D80018E6F7 /* Frameworks */ = {
			isa = PBXFrameworksBuildPhase;
			buildActionMask = 2147483647;
			files = (
			);
			runOnlyForDeploymentPostprocessing = 0;
		};
/* End PBXFrameworksBuildPhase section */

/* Begin PBXGroup section */
		6353D28924158DCF001F313A /* AddServerSuccess */ = {
			isa = PBXGroup;
			children = (
				6353D28A24158DE6001F313A /* AddServerSuccessInfo.swift */,
				6353D28C24158E0F001F313A /* AddServerSuccessViewController.swift */,
				6353D28D24158E0F001F313A /* AddServerSuccessViewController.xib */,
			);
			name = AddServerSuccess;
			sourceTree = "<group>";
		};
		6353D29224159082001F313A /* Modules */ = {
			isa = PBXGroup;
			children = (
				639FE05424132D1F0018E6F7 /* ModuleFactoryTests.swift */,
				6353D29324159099001F313A /* AddServer */,
				6353D294241590AD001F313A /* Login */,
				6353D295241590BA001F313A /* AddServerSuccess */,
			);
			path = Modules;
			sourceTree = "<group>";
		};
		6353D29324159099001F313A /* AddServer */ = {
			isa = PBXGroup;
			children = (
				639FE05824132E110018E6F7 /* AddServerPresenterTests.swift */,
				639FE05E2413FC6D0018E6F7 /* AddServerViewControllerTests.swift */,
			);
			path = AddServer;
			sourceTree = "<group>";
		};
		6353D294241590AD001F313A /* Login */ = {
			isa = PBXGroup;
			children = (
				639FE073241508180018E6F7 /* LoginPresenterTests.swift */,
				639FE07E241557520018E6F7 /* LoginViewControllerTests.swift */,
			);
			path = Login;
			sourceTree = "<group>";
		};
		6353D295241590BA001F313A /* AddServerSuccess */ = {
			isa = PBXGroup;
			children = (
				6353D29024158FB3001F313A /* AddServerSuccessViewControllerTests.swift */,
			);
			path = AddServerSuccess;
			sourceTree = "<group>";
		};
		6353D296241590CB001F313A /* Mocks */ = {
			isa = PBXGroup;
			children = (
				639FE078241509A60018E6F7 /* AddServerUsecaseMock.swift */,
			);
			path = Mocks;
			sourceTree = "<group>";
		};
		6353D29824159136001F313A /* Usecases */ = {
			isa = PBXGroup;
			children = (
				639FE05A2413970B0018E6F7 /* AddServerUsecase.swift */,
			);
			name = Usecases;
			path = Modules;
			sourceTree = "<group>";
		};
		6353D2992415914E001F313A /* Network */ = {
			isa = PBXGroup;
			children = (
				639FE0642414E2EA0018E6F7 /* Networking.swift */,
			);
			path = Network;
			sourceTree = "<group>";
		};
		6353D29C2415924D001F313A /* Flows */ = {
			isa = PBXGroup;
			children = (
				6353D29D24159265001F313A /* FlowAddServer.swift */,
			);
			path = Flows;
			sourceTree = "<group>";
		};
		6353D29F24163AC7001F313A /* Helpers */ = {
			isa = PBXGroup;
			children = (
				6353D2A024163AE3001F313A /* UINavigationController+extension.swift */,
			);
			path = Helpers;
			sourceTree = "<group>";
		};
		639FE011241325D70018E6F7 = {
			isa = PBXGroup;
			children = (
				639FE01C241325D70018E6F7 /* VaionAddServer */,
				639FE031241325D80018E6F7 /* VaionAddServerTests */,
				639FE03C241325D80018E6F7 /* VaionAddServerUITests */,
				639FE01B241325D70018E6F7 /* Products */,
			);
			sourceTree = "<group>";
		};
		639FE01B241325D70018E6F7 /* Products */ = {
			isa = PBXGroup;
			children = (
				639FE01A241325D70018E6F7 /* VaionAddServer.app */,
				639FE02E241325D80018E6F7 /* VaionAddServerTests.xctest */,
				639FE039241325D80018E6F7 /* VaionAddServerUITests.xctest */,
			);
			name = Products;
			sourceTree = "<group>";
		};
		639FE01C241325D70018E6F7 /* VaionAddServer */ = {
			isa = PBXGroup;
			children = (
				6353D29F24163AC7001F313A /* Helpers */,
				6353D29C2415924D001F313A /* Flows */,
				6353D2992415914E001F313A /* Network */,
				6353D29824159136001F313A /* Usecases */,
				639FE05624132DD90018E6F7 /* Modules */,
				639FE01D241325D70018E6F7 /* AppDelegate.swift */,
				639FE024241325D80018E6F7 /* Assets.xcassets */,
				639FE026241325D80018E6F7 /* LaunchScreen.storyboard */,
				639FE029241325D80018E6F7 /* Info.plist */,
			);
			path = VaionAddServer;
			sourceTree = "<group>";
		};
		639FE031241325D80018E6F7 /* VaionAddServerTests */ = {
			isa = PBXGroup;
			children = (
				639FE0622414E2920018E6F7 /* AddServerUsecaseTests.swift */,
				6353D296241590CB001F313A /* Mocks */,
				6353D29224159082001F313A /* Modules */,
				639FE034241325D80018E6F7 /* Info.plist */,
				6353D29A241591F8001F313A /* FlowAddServerTests.swift */,
			);
			path = VaionAddServerTests;
			sourceTree = "<group>";
		};
		639FE03C241325D80018E6F7 /* VaionAddServerUITests */ = {
			isa = PBXGroup;
			children = (
				639FE03D241325D80018E6F7 /* VaionAddServerUITests.swift */,
				639FE03F241325D80018E6F7 /* Info.plist */,
			);
			path = VaionAddServerUITests;
			sourceTree = "<group>";
		};
		639FE05624132DD90018E6F7 /* Modules */ = {
			isa = PBXGroup;
			children = (
				639FE04B241328780018E6F7 /* ModuleFactory.swift */,
				6353D28924158DCF001F313A /* AddServerSuccess */,
				639FE0692414FEFB0018E6F7 /* Login */,
				639FE05724132DE30018E6F7 /* AddServer */,
			);
			path = Modules;
			sourceTree = "<group>";
		};
		639FE05724132DE30018E6F7 /* AddServer */ = {
			isa = PBXGroup;
			children = (
				639FE04D241329C90018E6F7 /* AddServerViewController.swift */,
				639FE04E241329C90018E6F7 /* AddServerViewController.xib */,
				639FE05124132A160018E6F7 /* AddServerPresenter.swift */,
			);
			name = AddServer;
			sourceTree = "<group>";
		};
		639FE0692414FEFB0018E6F7 /* Login */ = {
			isa = PBXGroup;
			children = (
				639FE06A2414FF060018E6F7 /* LoginPresenter.swift */,
				639FE06F2415050F0018E6F7 /* LoginViewController.swift */,
				639FE0702415050F0018E6F7 /* LoginViewController.xib */,
				639FE07A24150AF10018E6F7 /* LoginViewModel.swift */,
			);
			name = Login;
			sourceTree = "<group>";
		};
/* End PBXGroup section */

/* Begin PBXNativeTarget section */
		639FE019241325D70018E6F7 /* VaionAddServer */ = {
			isa = PBXNativeTarget;
			buildConfigurationList = 639FE042241325D80018E6F7 /* Build configuration list for PBXNativeTarget "VaionAddServer" */;
			buildPhases = (
				639FE016241325D70018E6F7 /* Sources */,
				639FE017241325D70018E6F7 /* Frameworks */,
				639FE018241325D70018E6F7 /* Resources */,
			);
			buildRules = (
			);
			dependencies = (
			);
			name = VaionAddServer;
			productName = VaionAddServer;
			productReference = 639FE01A241325D70018E6F7 /* VaionAddServer.app */;
			productType = "com.apple.product-type.application";
		};
		639FE02D241325D80018E6F7 /* VaionAddServerTests */ = {
			isa = PBXNativeTarget;
			buildConfigurationList = 639FE045241325D80018E6F7 /* Build configuration list for PBXNativeTarget "VaionAddServerTests" */;
			buildPhases = (
				639FE02A241325D80018E6F7 /* Sources */,
				639FE02B241325D80018E6F7 /* Frameworks */,
				639FE02C241325D80018E6F7 /* Resources */,
			);
			buildRules = (
			);
			dependencies = (
				639FE030241325D80018E6F7 /* PBXTargetDependency */,
			);
			name = VaionAddServerTests;
			productName = VaionAddServerTests;
			productReference = 639FE02E241325D80018E6F7 /* VaionAddServerTests.xctest */;
			productType = "com.apple.product-type.bundle.unit-test";
		};
		639FE038241325D80018E6F7 /* VaionAddServerUITests */ = {
			isa = PBXNativeTarget;
			buildConfigurationList = 639FE048241325D80018E6F7 /* Build configuration list for PBXNativeTarget "VaionAddServerUITests" */;
			buildPhases = (
				639FE035241325D80018E6F7 /* Sources */,
				639FE036241325D80018E6F7 /* Frameworks */,
				639FE037241325D80018E6F7 /* Resources */,
			);
			buildRules = (
			);
			dependencies = (
				639FE03B241325D80018E6F7 /* PBXTargetDependency */,
			);
			name = VaionAddServerUITests;
			productName = VaionAddServerUITests;
			productReference = 639FE039241325D80018E6F7 /* VaionAddServerUITests.xctest */;
			productType = "com.apple.product-type.bundle.ui-testing";
		};
/* End PBXNativeTarget section */

/* Begin PBXProject section */
		639FE012241325D70018E6F7 /* Project object */ = {
			isa = PBXProject;
			attributes = {
				LastSwiftUpdateCheck = 1030;
				LastUpgradeCheck = 1030;
				ORGANIZATIONNAME = "Tarum Nadus";
				TargetAttributes = {
					639FE019241325D70018E6F7 = {
						CreatedOnToolsVersion = 10.3;
					};
					639FE02D241325D80018E6F7 = {
						CreatedOnToolsVersion = 10.3;
						TestTargetID = 639FE019241325D70018E6F7;
					};
					639FE038241325D80018E6F7 = {
						CreatedOnToolsVersion = 10.3;
						TestTargetID = 639FE019241325D70018E6F7;
					};
				};
			};
			buildConfigurationList = 639FE015241325D70018E6F7 /* Build configuration list for PBXProject "VaionAddServer" */;
			compatibilityVersion = "Xcode 9.3";
			developmentRegion = en;
			hasScannedForEncodings = 0;
			knownRegions = (
				en,
				Base,
			);
			mainGroup = 639FE011241325D70018E6F7;
			productRefGroup = 639FE01B241325D70018E6F7 /* Products */;
			projectDirPath = "";
			projectRoot = "";
			targets = (
				639FE019241325D70018E6F7 /* VaionAddServer */,
				639FE02D241325D80018E6F7 /* VaionAddServerTests */,
				639FE038241325D80018E6F7 /* VaionAddServerUITests */,
			);
		};
/* End PBXProject section */

/* Begin PBXResourcesBuildPhase section */
		639FE018241325D70018E6F7 /* Resources */ = {
			isa = PBXResourcesBuildPhase;
			buildActionMask = 2147483647;
			files = (
				6353D28F24158E0F001F313A /* AddServerSuccessViewController.xib in Resources */,
				639FE0722415050F0018E6F7 /* LoginViewController.xib in Resources */,
				639FE050241329C90018E6F7 /* AddServerViewController.xib in Resources */,
				639FE028241325D80018E6F7 /* LaunchScreen.storyboard in Resources */,
				639FE025241325D80018E6F7 /* Assets.xcassets in Resources */,
			);
			runOnlyForDeploymentPostprocessing = 0;
		};
		639FE02C241325D80018E6F7 /* Resources */ = {
			isa = PBXResourcesBuildPhase;
			buildActionMask = 2147483647;
			files = (
			);
			runOnlyForDeploymentPostprocessing = 0;
		};
		639FE037241325D80018E6F7 /* Resources */ = {
			isa = PBXResourcesBuildPhase;
			buildActionMask = 2147483647;
			files = (
			);
			runOnlyForDeploymentPostprocessing = 0;
		};
/* End PBXResourcesBuildPhase section */

/* Begin PBXSourcesBuildPhase section */
		639FE016241325D70018E6F7 /* Sources */ = {
			isa = PBXSourcesBuildPhase;
			buildActionMask = 2147483647;
			files = (
				639FE0712415050F0018E6F7 /* LoginViewController.swift in Sources */,
				6353D2A124163AE3001F313A /* UINavigationController+extension.swift in Sources */,
				639FE06B2414FF060018E6F7 /* LoginPresenter.swift in Sources */,
				639FE04C241328780018E6F7 /* ModuleFactory.swift in Sources */,
				639FE01E241325D70018E6F7 /* AppDelegate.swift in Sources */,
				639FE04F241329C90018E6F7 /* AddServerViewController.swift in Sources */,
				639FE05B2413970B0018E6F7 /* AddServerUsecase.swift in Sources */,
				639FE05224132A160018E6F7 /* AddServerPresenter.swift in Sources */,
				6353D29E24159265001F313A /* FlowAddServer.swift in Sources */,
				6353D28B24158DE6001F313A /* AddServerSuccessInfo.swift in Sources */,
				639FE07B24150AF10018E6F7 /* LoginViewModel.swift in Sources */,
				639FE0652414E2EA0018E6F7 /* Networking.swift in Sources */,
				6353D28E24158E0F001F313A /* AddServerSuccessViewController.swift in Sources */,
			);
			runOnlyForDeploymentPostprocessing = 0;
		};
		639FE02A241325D80018E6F7 /* Sources */ = {
			isa = PBXSourcesBuildPhase;
			buildActionMask = 2147483647;
			files = (
				639FE079241509A60018E6F7 /* AddServerUsecaseMock.swift in Sources */,
				639FE05F2413FC6D0018E6F7 /* AddServerViewControllerTests.swift in Sources */,
				639FE05524132D1F0018E6F7 /* ModuleFactoryTests.swift in Sources */,
				639FE07F241557520018E6F7 /* LoginViewControllerTests.swift in Sources */,
				639FE0632414E2920018E6F7 /* AddServerUsecaseTests.swift in Sources */,
				639FE05924132E110018E6F7 /* AddServerPresenterTests.swift in Sources */,
				639FE074241508180018E6F7 /* LoginPresenterTests.swift in Sources */,
				6353D29B241591F8001F313A /* FlowAddServerTests.swift in Sources */,
				6353D29124158FB3001F313A /* AddServerSuccessViewControllerTests.swift in Sources */,
			);
			runOnlyForDeploymentPostprocessing = 0;
		};
		639FE035241325D80018E6F7 /* Sources */ = {
			isa = PBXSourcesBuildPhase;
			buildActionMask = 2147483647;
			files = (
				639FE05324132B3E0018E6F7 /* VaionAddServerUITests.swift in Sources */,
			);
			runOnlyForDeploymentPostprocessing = 0;
		};
/* End PBXSourcesBuildPhase section */

/* Begin PBXTargetDependency section */
		639FE030241325D80018E6F7 /* PBXTargetDependency */ = {
			isa = PBXTargetDependency;
			target = 639FE019241325D70018E6F7 /* VaionAddServer */;
			targetProxy = 639FE02F241325D80018E6F7 /* PBXContainerItemProxy */;
		};
		639FE03B241325D80018E6F7 /* PBXTargetDependency */ = {
			isa = PBXTargetDependency;
			target = 639FE019241325D70018E6F7 /* VaionAddServer */;
			targetProxy = 639FE03A241325D80018E6F7 /* PBXContainerItemProxy */;
		};
/* End PBXTargetDependency section */

/* Begin PBXVariantGroup section */
		639FE026241325D80018E6F7 /* LaunchScreen.storyboard */ = {
			isa = PBXVariantGroup;
			children = (
				639FE027241325D80018E6F7 /* Base */,
			);
			name = LaunchScreen.storyboard;
			sourceTree = "<group>";
		};
/* End PBXVariantGroup section */

/* Begin XCBuildConfiguration section */
		639FE040241325D80018E6F7 /* Debug */ = {
			isa = XCBuildConfiguration;
			buildSettings = {
				ALWAYS_SEARCH_USER_PATHS = NO;
				CLANG_ANALYZER_NONNULL = YES;
				CLANG_ANALYZER_NUMBER_OBJECT_CONVERSION = YES_AGGRESSIVE;
				CLANG_CXX_LANGUAGE_STANDARD = "gnu++14";
				CLANG_CXX_LIBRARY = "libc++";
				CLANG_ENABLE_MODULES = YES;
				CLANG_ENABLE_OBJC_ARC = YES;
				CLANG_ENABLE_OBJC_WEAK = YES;
				CLANG_WARN_BLOCK_CAPTURE_AUTORELEASING = YES;
				CLANG_WARN_BOOL_CONVERSION = YES;
				CLANG_WARN_COMMA = YES;
				CLANG_WARN_CONSTANT_CONVERSION = YES;
				CLANG_WARN_DEPRECATED_OBJC_IMPLEMENTATIONS = YES;
				CLANG_WARN_DIRECT_OBJC_ISA_USAGE = YES_ERROR;
				CLANG_WARN_DOCUMENTATION_COMMENTS = YES;
				CLANG_WARN_EMPTY_BODY = YES;
				CLANG_WARN_ENUM_CONVERSION = YES;
				CLANG_WARN_INFINITE_RECURSION = YES;
				CLANG_WARN_INT_CONVERSION = YES;
				CLANG_WARN_NON_LITERAL_NULL_CONVERSION = YES;
				CLANG_WARN_OBJC_IMPLICIT_RETAIN_SELF = YES;
				CLANG_WARN_OBJC_LITERAL_CONVERSION = YES;
				CLANG_WARN_OBJC_ROOT_CLASS = YES_ERROR;
				CLANG_WARN_RANGE_LOOP_ANALYSIS = YES;
				CLANG_WARN_STRICT_PROTOTYPES = YES;
				CLANG_WARN_SUSPICIOUS_MOVE = YES;
				CLANG_WARN_UNGUARDED_AVAILABILITY = YES_AGGRESSIVE;
				CLANG_WARN_UNREACHABLE_CODE = YES;
				CLANG_WARN__DUPLICATE_METHOD_MATCH = YES;
				CODE_SIGN_IDENTITY = "iPhone Developer";
				COPY_PHASE_STRIP = NO;
				DEBUG_INFORMATION_FORMAT = dwarf;
				ENABLE_STRICT_OBJC_MSGSEND = YES;
				ENABLE_TESTABILITY = YES;
				GCC_C_LANGUAGE_STANDARD = gnu11;
				GCC_DYNAMIC_NO_PIC = NO;
				GCC_NO_COMMON_BLOCKS = YES;
				GCC_OPTIMIZATION_LEVEL = 0;
				GCC_PREPROCESSOR_DEFINITIONS = (
					"DEBUG=1",
					"$(inherited)",
				);
				GCC_WARN_64_TO_32_BIT_CONVERSION = YES;
				GCC_WARN_ABOUT_RETURN_TYPE = YES_ERROR;
				GCC_WARN_UNDECLARED_SELECTOR = YES;
				GCC_WARN_UNINITIALIZED_AUTOS = YES_AGGRESSIVE;
				GCC_WARN_UNUSED_FUNCTION = YES;
				GCC_WARN_UNUSED_VARIABLE = YES;
				IPHONEOS_DEPLOYMENT_TARGET = 12.4;
				MTL_ENABLE_DEBUG_INFO = INCLUDE_SOURCE;
				MTL_FAST_MATH = YES;
				ONLY_ACTIVE_ARCH = YES;
				SDKROOT = iphoneos;
				SWIFT_ACTIVE_COMPILATION_CONDITIONS = DEBUG;
				SWIFT_OPTIMIZATION_LEVEL = "-Onone";
			};
			name = Debug;
		};
		639FE041241325D80018E6F7 /* Release */ = {
			isa = XCBuildConfiguration;
			buildSettings = {
				ALWAYS_SEARCH_USER_PATHS = NO;
				CLANG_ANALYZER_NONNULL = YES;
				CLANG_ANALYZER_NUMBER_OBJECT_CONVERSION = YES_AGGRESSIVE;
				CLANG_CXX_LANGUAGE_STANDARD = "gnu++14";
				CLANG_CXX_LIBRARY = "libc++";
				CLANG_ENABLE_MODULES = YES;
				CLANG_ENABLE_OBJC_ARC = YES;
				CLANG_ENABLE_OBJC_WEAK = YES;
				CLANG_WARN_BLOCK_CAPTURE_AUTORELEASING = YES;
				CLANG_WARN_BOOL_CONVERSION = YES;
				CLANG_WARN_COMMA = YES;
				CLANG_WARN_CONSTANT_CONVERSION = YES;
				CLANG_WARN_DEPRECATED_OBJC_IMPLEMENTATIONS = YES;
				CLANG_WARN_DIRECT_OBJC_ISA_USAGE = YES_ERROR;
				CLANG_WARN_DOCUMENTATION_COMMENTS = YES;
				CLANG_WARN_EMPTY_BODY = YES;
				CLANG_WARN_ENUM_CONVERSION = YES;
				CLANG_WARN_INFINITE_RECURSION = YES;
				CLANG_WARN_INT_CONVERSION = YES;
				CLANG_WARN_NON_LITERAL_NULL_CONVERSION = YES;
				CLANG_WARN_OBJC_IMPLICIT_RETAIN_SELF = YES;
				CLANG_WARN_OBJC_LITERAL_CONVERSION = YES;
				CLANG_WARN_OBJC_ROOT_CLASS = YES_ERROR;
				CLANG_WARN_RANGE_LOOP_ANALYSIS = YES;
				CLANG_WARN_STRICT_PROTOTYPES = YES;
				CLANG_WARN_SUSPICIOUS_MOVE = YES;
				CLANG_WARN_UNGUARDED_AVAILABILITY = YES_AGGRESSIVE;
				CLANG_WARN_UNREACHABLE_CODE = YES;
				CLANG_WARN__DUPLICATE_METHOD_MATCH = YES;
				CODE_SIGN_IDENTITY = "iPhone Developer";
				COPY_PHASE_STRIP = NO;
				DEBUG_INFORMATION_FORMAT = "dwarf-with-dsym";
				ENABLE_NS_ASSERTIONS = NO;
				ENABLE_STRICT_OBJC_MSGSEND = YES;
				GCC_C_LANGUAGE_STANDARD = gnu11;
				GCC_NO_COMMON_BLOCKS = YES;
				GCC_WARN_64_TO_32_BIT_CONVERSION = YES;
				GCC_WARN_ABOUT_RETURN_TYPE = YES_ERROR;
				GCC_WARN_UNDECLARED_SELECTOR = YES;
				GCC_WARN_UNINITIALIZED_AUTOS = YES_AGGRESSIVE;
				GCC_WARN_UNUSED_FUNCTION = YES;
				GCC_WARN_UNUSED_VARIABLE = YES;
				IPHONEOS_DEPLOYMENT_TARGET = 12.4;
				MTL_ENABLE_DEBUG_INFO = NO;
				MTL_FAST_MATH = YES;
				SDKROOT = iphoneos;
				SWIFT_COMPILATION_MODE = wholemodule;
				SWIFT_OPTIMIZATION_LEVEL = "-O";
				VALIDATE_PRODUCT = YES;
			};
			name = Release;
		};
		639FE043241325D80018E6F7 /* Debug */ = {
			isa = XCBuildConfiguration;
			buildSettings = {
				ASSETCATALOG_COMPILER_APPICON_NAME = AppIcon;
				CODE_SIGN_STYLE = Automatic;
				DEVELOPMENT_TEAM = 2G876RW9RP;
				INFOPLIST_FILE = VaionAddServer/Info.plist;
				LD_RUNPATH_SEARCH_PATHS = (
					"$(inherited)",
					"@executable_path/Frameworks",
				);
				PRODUCT_BUNDLE_IDENTIFIER = net.elmadigital.VaionAddServer;
				PRODUCT_NAME = "$(TARGET_NAME)";
				SWIFT_VERSION = 5.0;
				TARGETED_DEVICE_FAMILY = "1,2";
			};
			name = Debug;
		};
		639FE044241325D80018E6F7 /* Release */ = {
			isa = XCBuildConfiguration;
			buildSettings = {
				ASSETCATALOG_COMPILER_APPICON_NAME = AppIcon;
				CODE_SIGN_STYLE = Automatic;
				DEVELOPMENT_TEAM = 2G876RW9RP;
				INFOPLIST_FILE = VaionAddServer/Info.plist;
				LD_RUNPATH_SEARCH_PATHS = (
					"$(inherited)",
					"@executable_path/Frameworks",
				);
				PRODUCT_BUNDLE_IDENTIFIER = net.elmadigital.VaionAddServer;
				PRODUCT_NAME = "$(TARGET_NAME)";
				SWIFT_VERSION = 5.0;
				TARGETED_DEVICE_FAMILY = "1,2";
			};
			name = Release;
		};
		639FE046241325D80018E6F7 /* Debug */ = {
			isa = XCBuildConfiguration;
			buildSettings = {
				ALWAYS_EMBED_SWIFT_STANDARD_LIBRARIES = YES;
				BUNDLE_LOADER = "$(TEST_HOST)";
				CODE_SIGN_STYLE = Automatic;
				DEVELOPMENT_TEAM = 2G876RW9RP;
				INFOPLIST_FILE = VaionAddServerTests/Info.plist;
				LD_RUNPATH_SEARCH_PATHS = (
					"$(inherited)",
					"@executable_path/Frameworks",
					"@loader_path/Frameworks",
				);
				PRODUCT_BUNDLE_IDENTIFIER = net.elmadigital.VaionAddServerTests;
				PRODUCT_NAME = "$(TARGET_NAME)";
				SWIFT_VERSION = 5.0;
				TARGETED_DEVICE_FAMILY = "1,2";
				TEST_HOST = "$(BUILT_PRODUCTS_DIR)/VaionAddServer.app/VaionAddServer";
			};
			name = Debug;
		};
		639FE047241325D80018E6F7 /* Release */ = {
			isa = XCBuildConfiguration;
			buildSettings = {
				ALWAYS_EMBED_SWIFT_STANDARD_LIBRARIES = YES;
				BUNDLE_LOADER = "$(TEST_HOST)";
				CODE_SIGN_STYLE = Automatic;
				DEVELOPMENT_TEAM = 2G876RW9RP;
				INFOPLIST_FILE = VaionAddServerTests/Info.plist;
				LD_RUNPATH_SEARCH_PATHS = (
					"$(inherited)",
					"@executable_path/Frameworks",
					"@loader_path/Frameworks",
				);
				PRODUCT_BUNDLE_IDENTIFIER = net.elmadigital.VaionAddServerTests;
				PRODUCT_NAME = "$(TARGET_NAME)";
				SWIFT_VERSION = 5.0;
				TARGETED_DEVICE_FAMILY = "1,2";
				TEST_HOST = "$(BUILT_PRODUCTS_DIR)/VaionAddServer.app/VaionAddServer";
			};
			name = Release;
		};
		639FE049241325D80018E6F7 /* Debug */ = {
			isa = XCBuildConfiguration;
			buildSettings = {
				ALWAYS_EMBED_SWIFT_STANDARD_LIBRARIES = YES;
				CODE_SIGN_STYLE = Automatic;
				DEVELOPMENT_TEAM = 2G876RW9RP;
				INFOPLIST_FILE = VaionAddServerUITests/Info.plist;
				LD_RUNPATH_SEARCH_PATHS = (
					"$(inherited)",
					"@executable_path/Frameworks",
					"@loader_path/Frameworks",
				);
				PRODUCT_BUNDLE_IDENTIFIER = net.elmadigital.VaionAddServerUITests;
				PRODUCT_NAME = "$(TARGET_NAME)";
				SWIFT_VERSION = 5.0;
				TARGETED_DEVICE_FAMILY = "1,2";
				TEST_TARGET_NAME = VaionAddServer;
			};
			name = Debug;
		};
		639FE04A241325D80018E6F7 /* Release */ = {
			isa = XCBuildConfiguration;
			buildSettings = {
				ALWAYS_EMBED_SWIFT_STANDARD_LIBRARIES = YES;
				CODE_SIGN_STYLE = Automatic;
				DEVELOPMENT_TEAM = 2G876RW9RP;
				INFOPLIST_FILE = VaionAddServerUITests/Info.plist;
				LD_RUNPATH_SEARCH_PATHS = (
					"$(inherited)",
					"@executable_path/Frameworks",
					"@loader_path/Frameworks",
				);
				PRODUCT_BUNDLE_IDENTIFIER = net.elmadigital.VaionAddServerUITests;
				PRODUCT_NAME = "$(TARGET_NAME)";
				SWIFT_VERSION = 5.0;
				TARGETED_DEVICE_FAMILY = "1,2";
				TEST_TARGET_NAME = VaionAddServer;
			};
			name = Release;
		};
/* End XCBuildConfiguration section */

/* Begin XCConfigurationList section */
		639FE015241325D70018E6F7 /* Build configuration list for PBXProject "VaionAddServer" */ = {
			isa = XCConfigurationList;
			buildConfigurations = (
				639FE040241325D80018E6F7 /* Debug */,
				639FE041241325D80018E6F7 /* Release */,
			);
			defaultConfigurationIsVisible = 0;
			defaultConfigurationName = Release;
		};
		639FE042241325D80018E6F7 /* Build configuration list for PBXNativeTarget "VaionAddServer" */ = {
			isa = XCConfigurationList;
			buildConfigurations = (
				639FE043241325D80018E6F7 /* Debug */,
				639FE044241325D80018E6F7 /* Release */,
			);
			defaultConfigurationIsVisible = 0;
			defaultConfigurationName = Release;
		};
		639FE045241325D80018E6F7 /* Build configuration list for PBXNativeTarget "VaionAddServerTests" */ = {
			isa = XCConfigurationList;
			buildConfigurations = (
				639FE046241325D80018E6F7 /* Debug */,
				639FE047241325D80018E6F7 /* Release */,
			);
			defaultConfigurationIsVisible = 0;
			defaultConfigurationName = Release;
		};
		639FE048241325D80018E6F7 /* Build configuration list for PBXNativeTarget "VaionAddServerUITests" */ = {
			isa = XCConfigurationList;
			buildConfigurations = (
				639FE049241325D80018E6F7 /* Debug */,
				639FE04A241325D80018E6F7 /* Release */,
			);
			defaultConfigurationIsVisible = 0;
			defaultConfigurationName = Release;
		};
/* End XCConfigurationList section */
	};
	rootObject = 639FE012241325D70018E6F7 /* Project object */;
}
